# THIS IS AN AUTOGENERATED FILE. DO NOT EDIT THIS FILE DIRECTLY.
# yarn lockfile v1


"@hookform/error-message@^2.0.0":
  version "2.0.0"
  resolved "https://registry.yarnpkg.com/@hookform/error-message/-/error-message-2.0.0.tgz#9b1b037fd816ea9b1531c06aa7fab5f5154aa740"
  integrity sha512-Y90nHzjgL2MP7GFy75kscdvxrCTjtyxGmOLLxX14nd08OXRIh9lMH/y9Kpdo0p1IPowJBiZMHyueg7p+yrqynQ==
